
Microsoft Visual Studio Solution File, Format Version 12.00
# Visual Studio 2017
Project("{FAE04EC0-301F-11D3-BF4B-00C04F79EFBC}") = "Global Game Jam 2018.Plugins", "Global Game Jam 2018.Plugins.csproj", "{EC669170-DAE6-2DC2-36D9-67B991E165FE}"
EndProject
Project("{FAE04EC0-301F-11D3-BF4B-00C04F79EFBC}") = "Global Game Jam 2018", "Global Game Jam 2018.csproj", "{5E5F73D4-F232-BFA2-7422-8AAAD97DA3C0}"
EndProject
Project("{FAE04EC0-301F-11D3-BF4B-00C04F79EFBC}") = "Global Game Jam 2018.Editor.Plugins", "Global Game Jam 2018.Editor.Plugins.csproj", "{578B7881-9282-D7D7-F210-69894E64CB2C}"
EndProject
Global
	GlobalSection(SolutionConfigurationPlatforms) = preSolution
		Debug|Any CPU = Debug|Any CPU
		Release|Any CPU = Release|Any CPU
	EndGlobalSection
	GlobalSection(ProjectConfigurationPlatforms) = postSolution
		{EC669170-DAE6-2DC2-36D9-67B991E165FE}.Debug|Any CPU.ActiveCfg = Debug|Any CPU
		{EC669170-DAE6-2DC2-36D9-67B991E165FE}.Debug|Any CPU.Build.0 = Debug|Any CPU
		{EC669170-DAE6-2DC2-36D9-67B991E165FE}.Release|Any CPU.ActiveCfg = Release|Any CPU
		{EC669170-DAE6-2DC2-36D9-67B991E165FE}.Release|Any CPU.Build.0 = Release|Any CPU
		{5E5F73D4-F232-BFA2-7422-8AAAD97DA3C0}.Debug|Any CPU.ActiveCfg = Debug|Any CPU
		{5E5F73D4-F232-BFA2-7422-8AAAD97DA3C0}.Debug|Any CPU.Build.0 = Debug|Any CPU
		{5E5F73D4-F232-BFA2-7422-8AAAD97DA3C0}.Release|Any CPU.ActiveCfg = Release|Any CPU
		{5E5F73D4-F232-BFA2-7422-8AAAD97DA3C0}.Release|Any CPU.Build.0 = Release|Any CPU
		{578B7881-9282-D7D7-F210-69894E64CB2C}.Debug|Any CPU.ActiveCfg = Debug|Any CPU
		{578B7881-9282-D7D7-F210-69894E64CB2C}.Debug|Any CPU.Build.0 = Debug|Any CPU
		{578B7881-9282-D7D7-F210-69894E64CB2C}.Release|Any CPU.ActiveCfg = Release|Any CPU
		{578B7881-9282-D7D7-F210-69894E64CB2C}.Release|Any CPU.Build.0 = Release|Any CPU
	EndGlobalSection
	GlobalSection(SolutionProperties) = preSolution
		HideSolutionNode = FALSE
	EndGlobalSection
EndGlobal
